{
    "_readme": [
        "This file locks the dependencies of your project to a known state",
        "Read more about it at https://getcomposer.org/doc/01-basic-usage.md#composer-lock-the-lock-file",
        "This file is @generated automatically"
    ],
    "content-hash": "aa0c3f332cb3430d1bf85ab97b0a112c",
    "packages": [
        {
            "name": "needim/noty",
            "version": "v3.1.0",
            "source": {
                "type": "git",
                "url": "https://github.com/needim/noty.git",
                "reference": "846c376471e26ee9a2cf3ff223ca3600d987d2e4"
            },
            "dist": {
                "type": "zip",
                "url": "https://api.github.com/repos/needim/noty/zipball/846c376471e26ee9a2cf3ff223ca3600d987d2e4",
                "reference": "846c376471e26ee9a2cf3ff223ca3600d987d2e4",
                "shasum": ""
            },
            "type": "library",
            "notification-url": "https://packagist.org/downloads/",
            "license": [
                "MIT"
            ],
            "authors": [
                {
                    "name": "Nedim Arabaci",
                    "homepage": "http://ned.im",
                    "role": "Developer"
                }
            ],
            "description": "Noty is a library that makes it easy to create alert - success - error - warning - information - confirmation messages as an alternative the standard alert dialog.",
            "homepage": "http://ned.im/noty",
            "keywords": [
                "notification",
                "noty"
            ],
            "time": "2017-04-26T05:08:22+00:00"
        }
    ],
    "packages-dev": [],
    "aliases": [],
    "minimum-stability": "stable",
    "stability-flags": [],
    "prefer-stable": false,
    "prefer-lowest": false,
    "platform": [],
    "platform-dev": []
}
